
Microsoft Visual Studio Solution File, Format Version 12.00
# Visual Studio 14
VisualStudioVersion = 14.0.25123.0
MinimumVisualStudioVersion = 10.0.40219.1
Project("{8BC9CEB8-8B4A-11D0-8D11-00A0C91BC942}") = "Calculator", "Calculator\Calculator.vcxproj", "{B6C8439E-CF8F-471D-B34C-CD19993CDE92}"
EndProject
Project("{8BC9CEB8-8B4A-11D0-8D11-00A0C91BC942}") = "TestCalculator", "TestCalculator\TestCalculator.vcxproj", "{EDB6CEBA-7BD7-47A9-9611-05A2E4169F01}"
EndProject
Project("{FAE04EC0-301F-11D3-BF4B-00C04F79EFBC}") = "CalcWindow", "CalcWindow\CalcWindow.csproj", "{C850F40D-6AE1-4A5D-95FB-3F37606701B5}"
EndProject
Global
	GlobalSection(SolutionConfigurationPlatforms) = preSolution
		Debug|Any CPU = Debug|Any CPU
		Debug|x64 = Debug|x64
		Debug|x86 = Debug|x86
		Release|Any CPU = Release|Any CPU
		Release|x64 = Release|x64
		Release|x86 = Release|x86
	EndGlobalSection
	GlobalSection(ProjectConfigurationPlatforms) = postSolution
		{B6C8439E-CF8F-471D-B34C-CD19993CDE92}.Debug|Any CPU.ActiveCfg = Debug|Win32
		{B6C8439E-CF8F-471D-B34C-CD19993CDE92}.Debug|x64.ActiveCfg = Debug|x64
		{B6C8439E-CF8F-471D-B34C-CD19993CDE92}.Debug|x64.Build.0 = Debug|x64
		{B6C8439E-CF8F-471D-B34C-CD19993CDE92}.Debug|x86.ActiveCfg = Debug|Win32
		{B6C8439E-CF8F-471D-B34C-CD19993CDE92}.Debug|x86.Build.0 = Debug|Win32
		{B6C8439E-CF8F-471D-B34C-CD19993CDE92}.Release|Any CPU.ActiveCfg = Release|Win32
		{B6C8439E-CF8F-471D-B34C-CD19993CDE92}.Release|x64.ActiveCfg = Release|x64
		{B6C8439E-CF8F-471D-B34C-CD19993CDE92}.Release|x64.Build.0 = Release|x64
		{B6C8439E-CF8F-471D-B34C-CD19993CDE92}.Release|x86.ActiveCfg = Release|Win32
		{B6C8439E-CF8F-471D-B34C-CD19993CDE92}.Release|x86.Build.0 = Release|Win32
		{EDB6CEBA-7BD7-47A9-9611-05A2E4169F01}.Debug|Any CPU.ActiveCfg = Debug|Win32
		{EDB6CEBA-7BD7-47A9-9611-05A2E4169F01}.Debug|x64.ActiveCfg = Debug|x64
		{EDB6CEBA-7BD7-47A9-9611-05A2E4169F01}.Debug|x64.Build.0 = Debug|x64
		{EDB6CEBA-7BD7-47A9-9611-05A2E4169F01}.Debug|x86.ActiveCfg = Debug|Win32
		{EDB6CEBA-7BD7-47A9-9611-05A2E4169F01}.Debug|x86.Build.0 = Debug|Win32
		{EDB6CEBA-7BD7-47A9-9611-05A2E4169F01}.Release|Any CPU.ActiveCfg = Release|Win32
		{EDB6CEBA-7BD7-47A9-9611-05A2E4169F01}.Release|x64.ActiveCfg = Release|x64
		{EDB6CEBA-7BD7-47A9-9611-05A2E4169F01}.Release|x64.Build.0 = Release|x64
		{EDB6CEBA-7BD7-47A9-9611-05A2E4169F01}.Release|x86.ActiveCfg = Release|Win32
		{EDB6CEBA-7BD7-47A9-9611-05A2E4169F01}.Release|x86.Build.0 = Release|Win32
		{C850F40D-6AE1-4A5D-95FB-3F37606701B5}.Debug|Any CPU.ActiveCfg = Debug|Any CPU
		{C850F40D-6AE1-4A5D-95FB-3F37606701B5}.Debug|Any CPU.Build.0 = Debug|Any CPU
		{C850F40D-6AE1-4A5D-95FB-3F37606701B5}.Debug|x64.ActiveCfg = Debug|Any CPU
		{C850F40D-6AE1-4A5D-95FB-3F37606701B5}.Debug|x64.Build.0 = Debug|Any CPU
		{C850F40D-6AE1-4A5D-95FB-3F37606701B5}.Debug|x86.ActiveCfg = Debug|Any CPU
		{C850F40D-6AE1-4A5D-95FB-3F37606701B5}.Debug|x86.Build.0 = Debug|Any CPU
		{C850F40D-6AE1-4A5D-95FB-3F37606701B5}.Release|Any CPU.ActiveCfg = Release|Any CPU
		{C850F40D-6AE1-4A5D-95FB-3F37606701B5}.Release|Any CPU.Build.0 = Release|Any CPU
		{C850F40D-6AE1-4A5D-95FB-3F37606701B5}.Release|x64.ActiveCfg = Release|Any CPU
		{C850F40D-6AE1-4A5D-95FB-3F37606701B5}.Release|x64.Build.0 = Release|Any CPU
		{C850F40D-6AE1-4A5D-95FB-3F37606701B5}.Release|x86.ActiveCfg = Release|Any CPU
		{C850F40D-6AE1-4A5D-95FB-3F37606701B5}.Release|x86.Build.0 = Release|Any CPU
	EndGlobalSection
	GlobalSection(SolutionProperties) = preSolution
		HideSolutionNode = FALSE
	EndGlobalSection
EndGlobal
